
Microsoft Visual Studio Solution File, Format Version 12.00
# Visual Studio Version 16
VisualStudioVersion = 16.0.29409.12
MinimumVisualStudioVersion = 10.0.40219.1
Project("{FAE04EC0-301F-11D3-BF4B-00C04F79EFBC}") = "Blog.API", "Blog.API\Blog.API.csproj", "{85DA55B8-87E5-48EF-B118-8789A37BD00B}"
EndProject
Project("{9A19103F-16F7-4668-BE54-9A1E7A4F7556}") = "Blog.Model", "Blog.Model\Blog.Model.csproj", "{9270E336-1973-4DAC-892E-4A7BEA58CE30}"
EndProject
Project("{9A19103F-16F7-4668-BE54-9A1E7A4F7556}") = "Blog.Data", "Blog.Data\Blog.Data.csproj", "{A45A6DEB-71CF-407A-B117-0DFD9C4E1E43}"
EndProject
Global
	GlobalSection(SolutionConfigurationPlatforms) = preSolution
		Debug|Any CPU = Debug|Any CPU
		Release|Any CPU = Release|Any CPU
	EndGlobalSection
	GlobalSection(ProjectConfigurationPlatforms) = postSolution
		{85DA55B8-87E5-48EF-B118-8789A37BD00B}.Debug|Any CPU.ActiveCfg = Debug|Any CPU
		{85DA55B8-87E5-48EF-B118-8789A37BD00B}.Debug|Any CPU.Build.0 = Debug|Any CPU
		{85DA55B8-87E5-48EF-B118-8789A37BD00B}.Release|Any CPU.ActiveCfg = Release|Any CPU
		{85DA55B8-87E5-48EF-B118-8789A37BD00B}.Release|Any CPU.Build.0 = Release|Any CPU
		{9270E336-1973-4DAC-892E-4A7BEA58CE30}.Debug|Any CPU.ActiveCfg = Debug|Any CPU
		{9270E336-1973-4DAC-892E-4A7BEA58CE30}.Debug|Any CPU.Build.0 = Debug|Any CPU
		{9270E336-1973-4DAC-892E-4A7BEA58CE30}.Release|Any CPU.ActiveCfg = Release|Any CPU
		{9270E336-1973-4DAC-892E-4A7BEA58CE30}.Release|Any CPU.Build.0 = Release|Any CPU
		{A45A6DEB-71CF-407A-B117-0DFD9C4E1E43}.Debug|Any CPU.ActiveCfg = Debug|Any CPU
		{A45A6DEB-71CF-407A-B117-0DFD9C4E1E43}.Debug|Any CPU.Build.0 = Debug|Any CPU
		{A45A6DEB-71CF-407A-B117-0DFD9C4E1E43}.Release|Any CPU.ActiveCfg = Release|Any CPU
		{A45A6DEB-71CF-407A-B117-0DFD9C4E1E43}.Release|Any CPU.Build.0 = Release|Any CPU
	EndGlobalSection
	GlobalSection(SolutionProperties) = preSolution
		HideSolutionNode = FALSE
	EndGlobalSection
	GlobalSection(ExtensibilityGlobals) = postSolution
		SolutionGuid = {DF1A1FFB-6161-455C-BE45-026189EFB071}
	EndGlobalSection
EndGlobal
